# This file is automatically @generated by Cargo.
# It is not intended for manual editing.
version = 4

[[package]]
name = "cargo_private_registry_test"
version = "0.1.0"
dependencies = [
 "my_crate",
]

[[package]]
name = "my_crate"
version = "0.1.0"
source = "sparse+https://jfrogghdemo.jfrog.io/artifactory/api/cargo/dependabot-cargo/index/"
checksum = "38e6cf7404a9022691a755f57409a8b911c9738e4e0bdf5b64d2ac88146890b1"
